
Microsoft Visual Studio Solution File, Format Version 12.00
# Visual Studio Version 17
VisualStudioVersion = 17.6.33723.286
MinimumVisualStudioVersion = 10.0.40219.1
Project("{FAE04EC0-301F-11D3-BF4B-00C04F79EFBC}") = "FindPersianTextInProject", "FindPersianTextInProject\FindPersianTextInProject.csproj", "{CC514FDB-1EC0-4529-B666-3A8FDE8591F8}"
EndProject
Global
	GlobalSection(SolutionConfigurationPlatforms) = preSolution
		Debug|Any CPU = Debug|Any CPU
		Release|Any CPU = Release|Any CPU
	EndGlobalSection
	GlobalSection(ProjectConfigurationPlatforms) = postSolution
		{CC514FDB-1EC0-4529-B666-3A8FDE8591F8}.Debug|Any CPU.ActiveCfg = Debug|Any CPU
		{CC514FDB-1EC0-4529-B666-3A8FDE8591F8}.Debug|Any CPU.Build.0 = Debug|Any CPU
		{CC514FDB-1EC0-4529-B666-3A8FDE8591F8}.Release|Any CPU.ActiveCfg = Release|Any CPU
		{CC514FDB-1EC0-4529-B666-3A8FDE8591F8}.Release|Any CPU.Build.0 = Release|Any CPU
	EndGlobalSection
	GlobalSection(SolutionProperties) = preSolution
		HideSolutionNode = FALSE
	EndGlobalSection
	GlobalSection(ExtensibilityGlobals) = postSolution
		SolutionGuid = {01071D5F-2672-4951-ABA4-DEDDB132C065}
	EndGlobalSection
EndGlobal
